{
  "name": "salty-chat.client",
  "version": "0.0.0",
  "lockfileVersion": 2,
  "requires": true,
  "packages": {
    "": {
      "name": "salty-chat.client",
      "version": "0.0.0",
      "devDependencies": {
        "@altv/types-client": "^1.5.2",
        "@altv/types-natives": "^1.1.0",
        "@types/node": "^8.0.14",
        "tsc": "^1.20150623.0",
        "typescript": "^3.2.2"
      }
    },
    "node_modules/@altv/types-client": {
      "version": "1.5.2",
      "resolved": "https://registry.npmjs.org/@altv/types-client/-/types-client-1.5.2.tgz",
      "integrity": "sha512-yyj/dBEsDq1YgZTdi03zh/KdaO8/CSSW2T0zDy8l5fK48S7e8Cw2yGowY2NwiLM4QdywAQ76bIJ/zI4PYBxl0A==",
      "dev": true
    },
    "node_modules/@altv/types-natives": {
      "version": "1.1.0",
      "resolved": "https://registry.npmjs.org/@altv/types-natives/-/types-natives-1.1.0.tgz",
      "integrity": "sha512-u198P4QRfoI9txOMDC8kx2qD/b3KoIRUG0IgAzy1d51OTePpbpJRf7RZf8iMRRvQOBEhfwSODDggsuwb4JcMaQ==",
      "dev": true
    },
    "node_modules/@types/node": {
      "version": "8.10.66",
      "resolved": "https://registry.npmjs.org/@types/node/-/node-8.10.66.tgz",
      "integrity": "sha512-tktOkFUA4kXx2hhhrB8bIFb5TbwzS4uOhKEmwiD+NoiL0qtP2OQ9mFldbgD4dV1djrlBYP6eBuQZiWjuHUpqFw==",
      "dev": true
    },
    "node_modules/tsc": {
      "version": "1.20150623.0",
      "resolved": "https://registry.npmjs.org/tsc/-/tsc-1.20150623.0.tgz",
      "integrity": "sha1-Trw8d04WkUjLx2inNCUz8ILHpuU=",
      "deprecated": "you probably meant to install typescript",
      "dev": true,
      "bin": {
        "tsc": "bin/tsc",
        "tsserver": "bin/tsserver"
      }
    },
    "node_modules/typescript": {
      "version": "3.9.9",
      "resolved": "https://registry.npmjs.org/typescript/-/typescript-3.9.9.tgz",
      "integrity": "sha512-kdMjTiekY+z/ubJCATUPlRDl39vXYiMV9iyeMuEuXZh2we6zz80uovNN2WlAxmmdE/Z/YQe+EbOEXB5RHEED3w==",
      "dev": true,
      "bin": {
        "tsc": "bin/tsc",
        "tsserver": "bin/tsserver"
      },
      "engines": {
        "node": ">=4.2.0"
      }
    }
  },
  "dependencies": {
    "@altv/types-client": {
      "version": "1.5.2",
      "resolved": "https://registry.npmjs.org/@altv/types-client/-/types-client-1.5.2.tgz",
      "integrity": "sha512-yyj/dBEsDq1YgZTdi03zh/KdaO8/CSSW2T0zDy8l5fK48S7e8Cw2yGowY2NwiLM4QdywAQ76bIJ/zI4PYBxl0A==",
      "dev": true
    },
    "@altv/types-natives": {
      "version": "1.1.0",
      "resolved": "https://registry.npmjs.org/@altv/types-natives/-/types-natives-1.1.0.tgz",
      "integrity": "sha512-u198P4QRfoI9txOMDC8kx2qD/b3KoIRUG0IgAzy1d51OTePpbpJRf7RZf8iMRRvQOBEhfwSODDggsuwb4JcMaQ==",
      "dev": true
    },
    "@types/node": {
      "version": "8.10.66",
      "resolved": "https://registry.npmjs.org/@types/node/-/node-8.10.66.tgz",
      "integrity": "sha512-tktOkFUA4kXx2hhhrB8bIFb5TbwzS4uOhKEmwiD+NoiL0qtP2OQ9mFldbgD4dV1djrlBYP6eBuQZiWjuHUpqFw==",
      "dev": true
    },
    "tsc": {
      "version": "1.20150623.0",
      "resolved": "https://registry.npmjs.org/tsc/-/tsc-1.20150623.0.tgz",
      "integrity": "sha1-Trw8d04WkUjLx2inNCUz8ILHpuU=",
      "dev": true
    },
    "typescript": {
      "version": "3.9.9",
      "resolved": "https://registry.npmjs.org/typescript/-/typescript-3.9.9.tgz",
      "integrity": "sha512-kdMjTiekY+z/ubJCATUPlRDl39vXYiMV9iyeMuEuXZh2we6zz80uovNN2WlAxmmdE/Z/YQe+EbOEXB5RHEED3w==",
      "dev": true
    }
  }
}
