{
  "name": "salty-chat.client",
  "version": "0.0.0",
  "lockfileVersion": 1,
  "requires": true,
  "dependencies": {
    "@altv/types-client": {
      "version": "1.8.4",
      "resolved": "https://registry.npmjs.org/@altv/types-client/-/types-client-1.8.4.tgz",
      "integrity": "sha512-jN7kzl6DOmg3jJQsHGw7UjyqobkM/HKmFKgtq5suK4uMaH+uEyUCO/4Ho7hxYRStH4uSoJK7R/jXIJTM4hJXsg==",
      "dev": true
    },
    "@altv/types-natives": {
      "version": "1.4.2",
      "resolved": "https://registry.npmjs.org/@altv/types-natives/-/types-natives-1.4.2.tgz",
      "integrity": "sha512-Dsr2/nXsedi+dYiBb+kUaCKZOZug+9rPl8FViqeCwjLVdUSAJoRtxt2tWjRcuaTJRwmZGA4w1bPA8BtX7yheZQ==",
      "dev": true
    },
    "@altv/types-shared": {
      "version": "1.0.4",
      "resolved": "https://registry.npmjs.org/@altv/types-shared/-/types-shared-1.0.4.tgz",
      "integrity": "sha512-NDl7Ey7Q7Fdosyvg2dLvuD1CiGVE5TLSi1lUBH8Q9gLT6UUZ3PiwiwxdaVxfNQ3vqlRCweuHbXuWY4OqxcZpyQ==",
      "dev": true
    },
    "@types/node": {
      "version": "16.9.6",
      "resolved": "https://registry.npmjs.org/@types/node/-/node-16.9.6.tgz",
      "integrity": "sha512-YHUZhBOMTM3mjFkXVcK+WwAcYmyhe1wL4lfqNtzI0b3qAy7yuSetnM7QJazgE5PFmgVTNGiLOgRFfJMqW7XpSQ==",
      "dev": true
    },
    "tsc": {
      "version": "2.0.3",
      "resolved": "https://registry.npmjs.org/tsc/-/tsc-2.0.3.tgz",
      "integrity": "sha512-SN+9zBUtrpUcOpaUO7GjkEHgWtf22c7FKbKCA4e858eEM7Qz86rRDpgOU2lBIDf0fLCsEg65ms899UMUIB2+Ow==",
      "dev": true
    },
    "typescript": {
      "version": "4.4.3",
      "resolved": "https://registry.npmjs.org/typescript/-/typescript-4.4.3.tgz",
      "integrity": "sha512-4xfscpisVgqqDfPaJo5vkd+Qd/ItkoagnHpufr+i2QCHBsNYp+G7UAoyFl8aPtx879u38wPV65rZ8qbGZijalA==",
      "dev": true
    }
  }
}
