{
  "name": "salty-chat.client",
  "version": "0.0.0",
  "lockfileVersion": 2,
  "requires": true,
  "packages": {
    "": {
      "name": "salty-chat.client",
      "version": "0.0.0",
      "devDependencies": {
        "@altv/types-client": "^2.1.8",
        "@altv/types-natives": "^1.4.4",
        "@types/node": "^17.0.35",
        "tsc": "^2.0.4",
        "typescript": "^4.7.2"
      }
    },
    "node_modules/@altv/types-client": {
      "version": "2.1.8",
      "resolved": "https://registry.npmjs.org/@altv/types-client/-/types-client-2.1.8.tgz",
      "integrity": "sha512-Ti8SktJIkN1ZZiQKXJ9AJzlbhKCqt2WSouNVx3OLmZLa56abZMyoShos28YhiP8s7I8CQ9i/oxha9tGzork0Ig==",
      "dev": true,
      "peerDependencies": {
        "@altv/types-shared": "1.2.x",
        "@altv/types-worker": "1.0.x"
      }
    },
    "node_modules/@altv/types-natives": {
      "version": "1.4.4",
      "resolved": "https://registry.npmjs.org/@altv/types-natives/-/types-natives-1.4.4.tgz",
      "integrity": "sha512-qcIPhpRAhGnErtf3p1iVGL6CIUJWc1IdYJl6K9T5c7W8Nd9RM2cv4JIyQg3TTXLiu+1gAZlkD8KyYKIfs5BqnQ==",
      "dev": true,
      "peerDependencies": {
        "@altv/types-client": ">=1.7.0"
      }
    },
    "node_modules/@altv/types-shared": {
      "version": "1.2.5",
      "resolved": "https://registry.npmjs.org/@altv/types-shared/-/types-shared-1.2.5.tgz",
      "integrity": "sha512-SzHcGEkgn7U08Hmj8pH+iSd0oYRGRpZEIJ2edpJYMVe1zIPcjC8ULIoranNE6FoEGEsusy5MZS1cnAH/QHDh6g==",
      "dev": true,
      "peer": true
    },
    "node_modules/@altv/types-worker": {
      "version": "1.0.6",
      "resolved": "https://registry.npmjs.org/@altv/types-worker/-/types-worker-1.0.6.tgz",
      "integrity": "sha512-wsEG0PNHK2/jZvADOdWlzFGlKUAGM2esEFUtIRU7/pJsem6+aDS5E5GKp9lh3+5mk1ZByvzjbjxfS628U7O2LQ==",
      "dev": true,
      "peer": true,
      "peerDependencies": {
        "@altv/types-client": "2.1.x"
      }
    },
    "node_modules/@types/node": {
      "version": "17.0.35",
      "resolved": "https://registry.npmjs.org/@types/node/-/node-17.0.35.tgz",
      "integrity": "sha512-vu1SrqBjbbZ3J6vwY17jBs8Sr/BKA+/a/WtjRG+whKg1iuLFOosq872EXS0eXWILdO36DHQQeku/ZcL6hz2fpg==",
      "dev": true
    },
    "node_modules/tsc": {
      "version": "2.0.4",
      "resolved": "https://registry.npmjs.org/tsc/-/tsc-2.0.4.tgz",
      "integrity": "sha512-fzoSieZI5KKJVBYGvwbVZs/J5za84f2lSTLPYf6AGiIf43tZ3GNrI1QzTLcjtyDDP4aLxd46RTZq1nQxe7+k5Q==",
      "dev": true,
      "bin": {
        "tsc": "bin/tsc"
      }
    },
    "node_modules/typescript": {
      "version": "4.7.2",
      "resolved": "https://registry.npmjs.org/typescript/-/typescript-4.7.2.tgz",
      "integrity": "sha512-Mamb1iX2FDUpcTRzltPxgWMKy3fhg0TN378ylbktPGPK/99KbDtMQ4W1hwgsbPAsG3a0xKa1vmw4VKZQbkvz5A==",
      "dev": true,
      "bin": {
        "tsc": "bin/tsc",
        "tsserver": "bin/tsserver"
      },
      "engines": {
        "node": ">=4.2.0"
      }
    }
  },
  "dependencies": {
    "@altv/types-client": {
      "version": "2.1.8",
      "resolved": "https://registry.npmjs.org/@altv/types-client/-/types-client-2.1.8.tgz",
      "integrity": "sha512-Ti8SktJIkN1ZZiQKXJ9AJzlbhKCqt2WSouNVx3OLmZLa56abZMyoShos28YhiP8s7I8CQ9i/oxha9tGzork0Ig==",
      "dev": true,
      "requires": {}
    },
    "@altv/types-natives": {
      "version": "1.4.4",
      "resolved": "https://registry.npmjs.org/@altv/types-natives/-/types-natives-1.4.4.tgz",
      "integrity": "sha512-qcIPhpRAhGnErtf3p1iVGL6CIUJWc1IdYJl6K9T5c7W8Nd9RM2cv4JIyQg3TTXLiu+1gAZlkD8KyYKIfs5BqnQ==",
      "dev": true,
      "requires": {}
    },
    "@altv/types-shared": {
      "version": "1.2.5",
      "resolved": "https://registry.npmjs.org/@altv/types-shared/-/types-shared-1.2.5.tgz",
      "integrity": "sha512-SzHcGEkgn7U08Hmj8pH+iSd0oYRGRpZEIJ2edpJYMVe1zIPcjC8ULIoranNE6FoEGEsusy5MZS1cnAH/QHDh6g==",
      "dev": true,
      "peer": true
    },
    "@altv/types-worker": {
      "version": "1.0.6",
      "resolved": "https://registry.npmjs.org/@altv/types-worker/-/types-worker-1.0.6.tgz",
      "integrity": "sha512-wsEG0PNHK2/jZvADOdWlzFGlKUAGM2esEFUtIRU7/pJsem6+aDS5E5GKp9lh3+5mk1ZByvzjbjxfS628U7O2LQ==",
      "dev": true,
      "peer": true,
      "requires": {}
    },
    "@types/node": {
      "version": "17.0.35",
      "resolved": "https://registry.npmjs.org/@types/node/-/node-17.0.35.tgz",
      "integrity": "sha512-vu1SrqBjbbZ3J6vwY17jBs8Sr/BKA+/a/WtjRG+whKg1iuLFOosq872EXS0eXWILdO36DHQQeku/ZcL6hz2fpg==",
      "dev": true
    },
    "tsc": {
      "version": "2.0.4",
      "resolved": "https://registry.npmjs.org/tsc/-/tsc-2.0.4.tgz",
      "integrity": "sha512-fzoSieZI5KKJVBYGvwbVZs/J5za84f2lSTLPYf6AGiIf43tZ3GNrI1QzTLcjtyDDP4aLxd46RTZq1nQxe7+k5Q==",
      "dev": true
    },
    "typescript": {
      "version": "4.7.2",
      "resolved": "https://registry.npmjs.org/typescript/-/typescript-4.7.2.tgz",
      "integrity": "sha512-Mamb1iX2FDUpcTRzltPxgWMKy3fhg0TN378ylbktPGPK/99KbDtMQ4W1hwgsbPAsG3a0xKa1vmw4VKZQbkvz5A==",
      "dev": true
    }
  }
}
